
Microsoft Visual Studio Solution File, Format Version 11.00
# Visual Studio 2010
Project("{FAE04EC0-301F-11D3-BF4B-00C04F79EFBC}") = "Web", "Web\Web.csproj", "{4DA51394-AFEC-4AF2-86BA-366A4530BAC4}"
EndProject
Project("{FAE04EC0-301F-11D3-BF4B-00C04F79EFBC}") = "Model", "Model\Model.csproj", "{A8FC512D-9165-47D9-B317-ED49EE752DF5}"
EndProject
Project("{FAE04EC0-301F-11D3-BF4B-00C04F79EFBC}") = "Test", "Test\Test.csproj", "{BD5BCC02-5B9A-4203-86C4-3880C1875499}"
EndProject
Global
	GlobalSection(SolutionConfigurationPlatforms) = preSolution
		Debug|Any CPU = Debug|Any CPU
		Release|Any CPU = Release|Any CPU
	EndGlobalSection
	GlobalSection(ProjectConfigurationPlatforms) = postSolution
		{4DA51394-AFEC-4AF2-86BA-366A4530BAC4}.Debug|Any CPU.ActiveCfg = Debug|Any CPU
		{4DA51394-AFEC-4AF2-86BA-366A4530BAC4}.Debug|Any CPU.Build.0 = Debug|Any CPU
		{4DA51394-AFEC-4AF2-86BA-366A4530BAC4}.Release|Any CPU.ActiveCfg = Release|Any CPU
		{4DA51394-AFEC-4AF2-86BA-366A4530BAC4}.Release|Any CPU.Build.0 = Release|Any CPU
		{A8FC512D-9165-47D9-B317-ED49EE752DF5}.Debug|Any CPU.ActiveCfg = Debug|Any CPU
		{A8FC512D-9165-47D9-B317-ED49EE752DF5}.Debug|Any CPU.Build.0 = Debug|Any CPU
		{A8FC512D-9165-47D9-B317-ED49EE752DF5}.Release|Any CPU.ActiveCfg = Release|Any CPU
		{A8FC512D-9165-47D9-B317-ED49EE752DF5}.Release|Any CPU.Build.0 = Release|Any CPU
		{BD5BCC02-5B9A-4203-86C4-3880C1875499}.Debug|Any CPU.ActiveCfg = Debug|Any CPU
		{BD5BCC02-5B9A-4203-86C4-3880C1875499}.Debug|Any CPU.Build.0 = Debug|Any CPU
		{BD5BCC02-5B9A-4203-86C4-3880C1875499}.Release|Any CPU.ActiveCfg = Release|Any CPU
		{BD5BCC02-5B9A-4203-86C4-3880C1875499}.Release|Any CPU.Build.0 = Release|Any CPU
	EndGlobalSection
	GlobalSection(SolutionProperties) = preSolution
		HideSolutionNode = FALSE
	EndGlobalSection
EndGlobal
